
Microsoft Visual Studio Solution File, Format Version 12.00
# Visual Studio 15
VisualStudioVersion = 15.0.26430.6
MinimumVisualStudioVersion = 10.0.40219.1
Project("{FAE04EC0-301F-11D3-BF4B-00C04F79EFBC}") = "Baxter.Domain", "Baxter.Domain\Baxter.Domain.csproj", "{C468FA93-160C-410D-8550-BD6302420747}"
EndProject
Project("{FAE04EC0-301F-11D3-BF4B-00C04F79EFBC}") = "Baxter.Text", "Baxter.Text\Baxter.Text.csproj", "{8512F36C-5ECD-4140-93CD-AE1D60A92DDA}"
EndProject
Project("{FAE04EC0-301F-11D3-BF4B-00C04F79EFBC}") = "Baxter.Text.Tests", "Baxter.Text.Tests\Baxter.Text.Tests.csproj", "{EAEA0DFB-97A9-4BF5-BE9F-99A246753308}"
EndProject
Project("{FAE04EC0-301F-11D3-BF4B-00C04F79EFBC}") = "Baxter.Vector.Machine", "Baxter.Vector.Machine\Baxter.Vector.Machine.csproj", "{DC50CAED-F76C-4C54-8461-E3448F412CA5}"
EndProject
Global
	GlobalSection(SolutionConfigurationPlatforms) = preSolution
		Debug|Any CPU = Debug|Any CPU
		Release|Any CPU = Release|Any CPU
	EndGlobalSection
	GlobalSection(ProjectConfigurationPlatforms) = postSolution
		{C468FA93-160C-410D-8550-BD6302420747}.Debug|Any CPU.ActiveCfg = Debug|Any CPU
		{C468FA93-160C-410D-8550-BD6302420747}.Debug|Any CPU.Build.0 = Debug|Any CPU
		{C468FA93-160C-410D-8550-BD6302420747}.Release|Any CPU.ActiveCfg = Release|Any CPU
		{C468FA93-160C-410D-8550-BD6302420747}.Release|Any CPU.Build.0 = Release|Any CPU
		{8512F36C-5ECD-4140-93CD-AE1D60A92DDA}.Debug|Any CPU.ActiveCfg = Debug|Any CPU
		{8512F36C-5ECD-4140-93CD-AE1D60A92DDA}.Debug|Any CPU.Build.0 = Debug|Any CPU
		{8512F36C-5ECD-4140-93CD-AE1D60A92DDA}.Release|Any CPU.ActiveCfg = Release|Any CPU
		{8512F36C-5ECD-4140-93CD-AE1D60A92DDA}.Release|Any CPU.Build.0 = Release|Any CPU
		{EAEA0DFB-97A9-4BF5-BE9F-99A246753308}.Debug|Any CPU.ActiveCfg = Debug|Any CPU
		{EAEA0DFB-97A9-4BF5-BE9F-99A246753308}.Debug|Any CPU.Build.0 = Debug|Any CPU
		{EAEA0DFB-97A9-4BF5-BE9F-99A246753308}.Release|Any CPU.ActiveCfg = Release|Any CPU
		{EAEA0DFB-97A9-4BF5-BE9F-99A246753308}.Release|Any CPU.Build.0 = Release|Any CPU
		{DC50CAED-F76C-4C54-8461-E3448F412CA5}.Debug|Any CPU.ActiveCfg = Debug|Any CPU
		{DC50CAED-F76C-4C54-8461-E3448F412CA5}.Debug|Any CPU.Build.0 = Debug|Any CPU
		{DC50CAED-F76C-4C54-8461-E3448F412CA5}.Release|Any CPU.ActiveCfg = Release|Any CPU
		{DC50CAED-F76C-4C54-8461-E3448F412CA5}.Release|Any CPU.Build.0 = Release|Any CPU
	EndGlobalSection
	GlobalSection(SolutionProperties) = preSolution
		HideSolutionNode = FALSE
	EndGlobalSection
EndGlobal
